
Microsoft Visual Studio Solution File, Format Version 12.00
# Visual Studio Version 16
VisualStudioVersion = 16.0.30907.101
MinimumVisualStudioVersion = 10.0.40219.1
Project("{FAE04EC0-301F-11D3-BF4B-00C04F79EFBC}") = "CS408Project_Client", "CS408Project_Client\CS408Project_Client.csproj", "{97CE3EA5-8F20-4CB5-8AAD-6E482A086916}"
EndProject
Global
	GlobalSection(SolutionConfigurationPlatforms) = preSolution
		Debug|Any CPU = Debug|Any CPU
		Release|Any CPU = Release|Any CPU
	EndGlobalSection
	GlobalSection(ProjectConfigurationPlatforms) = postSolution
		{97CE3EA5-8F20-4CB5-8AAD-6E482A086916}.Debug|Any CPU.ActiveCfg = Debug|Any CPU
		{97CE3EA5-8F20-4CB5-8AAD-6E482A086916}.Debug|Any CPU.Build.0 = Debug|Any CPU
		{97CE3EA5-8F20-4CB5-8AAD-6E482A086916}.Release|Any CPU.ActiveCfg = Release|Any CPU
		{97CE3EA5-8F20-4CB5-8AAD-6E482A086916}.Release|Any CPU.Build.0 = Release|Any CPU
	EndGlobalSection
	GlobalSection(SolutionProperties) = preSolution
		HideSolutionNode = FALSE
	EndGlobalSection
	GlobalSection(ExtensibilityGlobals) = postSolution
		SolutionGuid = {94261C5E-4E97-4BC5-A5F4-6918AF0D1A94}
	EndGlobalSection
EndGlobal
